<?xml version="1.0" encoding="utf-8"?>
<Project ToolsVersion="4.0" xmlns="http://schemas.microsoft.com/developer/msbuild/2003">
  <ItemGroup>
    <Filter Include="リソース ファイル">
      <UniqueIdentifier>{67DA6AB6-F800-4c08-8B7A-83BB121AAD01}</UniqueIdentifier>
      <Extensions>rc;ico;cur;bmp;dlg;rc2;rct;bin;rgs;gif;jpg;jpeg;jpe;resx;tiff;tif;png;wav;mfcribbon-ms</Extensions>
    </Filter>
    <Filter Include="program">
      <UniqueIdentifier>{4FC737F1-C7A5-4376-A066-2A32D752A2FF}</UniqueIdentifier>
      <Extensions>cpp;c;cc;cxx;c++;cppm;ixx;def;odl;idl;hpj;bat;asm;asmx</Extensions>
    </Filter>
    <Filter Include="program\Core">
      <UniqueIdentifier>{6a2615f4-c2c7-4f70-b4f1-c45bdbab78a6}</UniqueIdentifier>
    </Filter>
    <Filter Include="program\Ecs">
      <UniqueIdentifier>{97715ace-4c51-41d6-8a51-31af8165fa65}</UniqueIdentifier>
    </Filter>
    <Filter Include="program\Game">
      <UniqueIdentifier>{6ddb78cf-57b6-417c-b052-0c385c4e8206}</UniqueIdentifier>
    </Filter>
    <Filter Include="program\Core\GameManager">
      <UniqueIdentifier>{d1b9ad53-eab3-49be-84b2-349c6cad4d86}</UniqueIdentifier>
    </Filter>
    <Filter Include="program\Core\Utility">
      <UniqueIdentifier>{8c1c395c-fed1-4987-98e3-9bbf5368c6f3}</UniqueIdentifier>
    </Filter>
    <Filter Include="program\Core\DebugUI">
      <UniqueIdentifier>{bdad20f7-9d34-410d-9f27-79c2f5aa8dbd}</UniqueIdentifier>
    </Filter>
    <Filter Include="program\ImGui">
      <UniqueIdentifier>{d44c9bb4-6fab-4767-b7a8-7ea8ed75317e}</UniqueIdentifier>
    </Filter>
    <Filter Include="program\ImGui\sfml">
      <UniqueIdentifier>{3d1f2351-9a22-46cd-8e66-50c29f21854f}</UniqueIdentifier>
    </Filter>
    <Filter Include="program\ImGui\imgui">
      <UniqueIdentifier>{4417e677-1fcc-4131-a0c3-f3b05b7443e1}</UniqueIdentifier>
    </Filter>
    <Filter Include="program\Core\Input">
      <UniqueIdentifier>{81166b03-ce8f-4ffd-a629-0abe0474d2e9}</UniqueIdentifier>
    </Filter>
    <Filter Include="program\Core\Time">
      <UniqueIdentifier>{ca70afaf-02bb-4991-9d1a-14ae4926a093}</UniqueIdentifier>
    </Filter>
    <Filter Include="program\Core\DebugUI\tabs">
      <UniqueIdentifier>{a9df746e-4b72-4dce-b3bc-dc5c4c8297f3}</UniqueIdentifier>
    </Filter>
    <Filter Include="program\Core\Resource">
      <UniqueIdentifier>{b4cdba47-b24a-43e1-8445-d20d34ca7b90}</UniqueIdentifier>
    </Filter>
    <Filter Include="program\Core\WindowData">
      <UniqueIdentifier>{0b320655-e7d4-42c8-8e44-739b5cc9f4f5}</UniqueIdentifier>
    </Filter>
    <Filter Include="program\Core\Database">
      <UniqueIdentifier>{68ef7aec-18bf-4a39-95c5-22689bd85f3d}</UniqueIdentifier>
    </Filter>
    <Filter Include="program\Core\Anim2d">
      <UniqueIdentifier>{2c702c1d-d2e9-4413-948d-bb463f8a24e7}</UniqueIdentifier>
    </Filter>
    <Filter Include="program\Core\Logger">
      <UniqueIdentifier>{78f8d97c-724a-4b41-a484-6c780aba0721}</UniqueIdentifier>
    </Filter>
    <Filter Include="program\Core\TagManager">
      <UniqueIdentifier>{d18e14f2-4290-45e1-bf8a-6c8fbdcf3d74}</UniqueIdentifier>
    </Filter>
  </ItemGroup>
  <ItemGroup>
    <ClCompile Include="library\ImGui\imgui-SFML.cpp">
      <Filter>program\ImGui\sfml</Filter>
    </ClCompile>
    <ClCompile Include="library\ImGui\imgui.cpp">
      <Filter>program\ImGui\imgui</Filter>
    </ClCompile>
    <ClCompile Include="library\ImGui\imgui_draw.cpp">
      <Filter>program\ImGui\imgui</Filter>
    </ClCompile>
    <ClCompile Include="library\ImGui\imgui_tables.cpp">
      <Filter>program\ImGui\imgui</Filter>
    </ClCompile>
    <ClCompile Include="library\ImGui\imgui_widgets.cpp">
      <Filter>program\ImGui\imgui</Filter>
    </ClCompile>
    <ClCompile Include="program\SKFW\Framework\main.cpp">
      <Filter>program</Filter>
    </ClCompile>
    <ClCompile Include="program\SKFW\Framework\GameManager.cpp">
      <Filter>program\Core\GameManager</Filter>
    </ClCompile>
    <ClCompile Include="program\SKFW\Debug\DebugUi.cpp">
      <Filter>program\Core\DebugUI</Filter>
    </ClCompile>
    <ClCompile Include="program\SKFW\Framework\TextureResource.cpp">
      <Filter>program\Core\Resource</Filter>
    </ClCompile>
    <ClCompile Include="program\SKFW\Framework\Database.cpp">
      <Filter>program\Core\Database</Filter>
    </ClCompile>
    <ClCompile Include="program\SKFW\Framework\Anim2D.cpp">
      <Filter>program\Core\Anim2d</Filter>
    </ClCompile>
    <ClCompile Include="program\SKFW\Framework\TagManager.cpp">
      <Filter>program\Core\TagManager</Filter>
    </ClCompile>
  </ItemGroup>
  <ItemGroup>
    <ClInclude Include="program\SKFW\Framework\GameManager.hpp">
      <Filter>program\Core\GameManager</Filter>
    </ClInclude>
    <ClInclude Include="program\SKFW\Framework\Singleton.hpp">
      <Filter>program\Core\Utility</Filter>
    </ClInclude>
    <ClInclude Include="program\SKFW\Framework\InputManager.hpp">
      <Filter>program\Core\Input</Filter>
    </ClInclude>
    <ClInclude Include="program\SKFW\Framework\Time.hpp">
      <Filter>program\Core\Time</Filter>
    </ClInclude>
    <ClInclude Include="program\SKFW\Debug\DebugTab.hpp">
      <Filter>program\Core\DebugUI</Filter>
    </ClInclude>
    <ClInclude Include="program\SKFW\Debug\DebugUi.hpp">
      <Filter>program\Core\DebugUI</Filter>
    </ClInclude>
    <ClInclude Include="program\SKFW\Framework\ObjectPool.hpp">
      <Filter>program\Core\Utility</Filter>
    </ClInclude>
    <ClInclude Include="program\SKFW\Debug\debug_GameManager.hpp">
      <Filter>program\Core\DebugUI\tabs</Filter>
    </ClInclude>
    <ClInclude Include="program\SKFW\Framework\TextureResource.hpp">
      <Filter>program\Core\Resource</Filter>
    </ClInclude>
    <ClInclude Include="program\SKFW\Framework\data_window.h">
      <Filter>program\Core\WindowData</Filter>
    </ClInclude>
    <ClInclude Include="program\SKFW\Framework\Database.hpp">
      <Filter>program\Core\Database</Filter>
    </ClInclude>
    <ClInclude Include="program\SKFW\Framework\Anim2D.hpp">
      <Filter>program\Core\Anim2d</Filter>
    </ClInclude>
    <ClInclude Include="program\SKFW\Framework\Flag.h">
      <Filter>program\Core\Utility</Filter>
    </ClInclude>
    <ClInclude Include="program\SKFW\Debug\Logger.hpp">
      <Filter>program\Core\Logger</Filter>
    </ClInclude>
    <ClInclude Include="program\SKFW\Framework\TagManager.hpp">
      <Filter>program\Core\TagManager</Filter>
    </ClInclude>
    <ClInclude Include="program\SKFW\Debug\debug_TagManager.hpp">
      <Filter>program\Core\DebugUI\tabs</Filter>
    </ClInclude>
  </ItemGroup>
</Project>